// !$*UTF8*$!
{
	archiveVersion = 1;
	classes = {
	};
	objectVersion = 46;
	objects = {

/* Begin PBXBuildFile section */
		36464F581C29ABB800942BE3 /* AppDelegate.swift in Sources */ = {isa = PBXBuildFile; fileRef = 36464F571C29ABB800942BE3 /* AppDelegate.swift */; };
		36464F5A1C29ABB800942BE3 /* TableViewController.swift in Sources */ = {isa = PBXBuildFile; fileRef = 36464F591C29ABB800942BE3 /* TableViewController.swift */; };
		36464F5D1C29ABB800942BE3 /* Main.storyboard in Resources */ = {isa = PBXBuildFile; fileRef = 36464F5B1C29ABB800942BE3 /* Main.storyboard */; };
		36464F5F1C29ABB800942BE3 /* Assets.xcassets in Resources */ = {isa = PBXBuildFile; fileRef = 36464F5E1C29ABB800942BE3 /* Assets.xcassets */; };
		36464F621C29ABB800942BE3 /* LaunchScreen.storyboard in Resources */ = {isa = PBXBuildFile; fileRef = 36464F601C29ABB800942BE3 /* LaunchScreen.storyboard */; };
		36464F6D1C29ABB900942BE3 /* AutocompleteTextFieldTests.swift in Sources */ = {isa = PBXBuildFile; fileRef = 36464F6C1C29ABB900942BE3 /* AutocompleteTextFieldTests.swift */; };
		36464F781C29ABB900942BE3 /* AutocompleteTextFieldUITests.swift in Sources */ = {isa = PBXBuildFile; fileRef = 36464F771C29ABB900942BE3 /* AutocompleteTextFieldUITests.swift */; };
		36464F861C29B1E600942BE3 /* AutocompleteTextField.swift in Sources */ = {isa = PBXBuildFile; fileRef = 36464F851C29B1E600942BE3 /* AutocompleteTextField.swift */; };
		36464F881C29ECF000942BE3 /* DataSource.swift in Sources */ = {isa = PBXBuildFile; fileRef = 36464F871C29ECF000942BE3 /* DataSource.swift */; };
/* End PBXBuildFile section */

/* Begin PBXContainerItemProxy section */
		36464F691C29ABB900942BE3 /* PBXContainerItemProxy */ = {
			isa = PBXContainerItemProxy;
			containerPortal = 36464F4C1C29ABB800942BE3 /* Project object */;
			proxyType = 1;
			remoteGlobalIDString = 36464F531C29ABB800942BE3;
			remoteInfo = AutocompleteTextField;
		};
		36464F741C29ABB900942BE3 /* PBXContainerItemProxy */ = {
			isa = PBXContainerItemProxy;
			containerPortal = 36464F4C1C29ABB800942BE3 /* Project object */;
			proxyType = 1;
			remoteGlobalIDString = 36464F531C29ABB800942BE3;
			remoteInfo = AutocompleteTextField;
		};
/* End PBXContainerItemProxy section */

/* Begin PBXFileReference section */
		36464F541C29ABB800942BE3 /* AutocompleteTextField.app */ = {isa = PBXFileReference; explicitFileType = wrapper.application; includeInIndex = 0; path = AutocompleteTextField.app; sourceTree = BUILT_PRODUCTS_DIR; };
		36464F571C29ABB800942BE3 /* AppDelegate.swift */ = {isa = PBXFileReference; lastKnownFileType = sourcecode.swift; path = AppDelegate.swift; sourceTree = "<group>"; };
		36464F591C29ABB800942BE3 /* TableViewController.swift */ = {isa = PBXFileReference; lastKnownFileType = sourcecode.swift; path = TableViewController.swift; sourceTree = "<group>"; };
		36464F5C1C29ABB800942BE3 /* Base */ = {isa = PBXFileReference; lastKnownFileType = file.storyboard; name = Base; path = Base.lproj/Main.storyboard; sourceTree = "<group>"; };
		36464F5E1C29ABB800942BE3 /* Assets.xcassets */ = {isa = PBXFileReference; lastKnownFileType = folder.assetcatalog; path = Assets.xcassets; sourceTree = "<group>"; };
		36464F611C29ABB800942BE3 /* Base */ = {isa = PBXFileReference; lastKnownFileType = file.storyboard; name = Base; path = Base.lproj/LaunchScreen.storyboard; sourceTree = "<group>"; };
		36464F631C29ABB800942BE3 /* Info.plist */ = {isa = PBXFileReference; lastKnownFileType = text.plist.xml; path = Info.plist; sourceTree = "<group>"; };
		36464F681C29ABB900942BE3 /* AutocompleteTextFieldTests.xctest */ = {isa = PBXFileReference; explicitFileType = wrapper.cfbundle; includeInIndex = 0; path = AutocompleteTextFieldTests.xctest; sourceTree = BUILT_PRODUCTS_DIR; };
		36464F6C1C29ABB900942BE3 /* AutocompleteTextFieldTests.swift */ = {isa = PBXFileReference; lastKnownFileType = sourcecode.swift; path = AutocompleteTextFieldTests.swift; sourceTree = "<group>"; };
		36464F6E1C29ABB900942BE3 /* Info.plist */ = {isa = PBXFileReference; lastKnownFileType = text.plist.xml; path = Info.plist; sourceTree = "<group>"; };
		36464F731C29ABB900942BE3 /* AutocompleteTextFieldUITests.xctest */ = {isa = PBXFileReference; explicitFileType = wrapper.cfbundle; includeInIndex = 0; path = AutocompleteTextFieldUITests.xctest; sourceTree = BUILT_PRODUCTS_DIR; };
		36464F771C29ABB900942BE3 /* AutocompleteTextFieldUITests.swift */ = {isa = PBXFileReference; lastKnownFileType = sourcecode.swift; path = AutocompleteTextFieldUITests.swift; sourceTree = "<group>"; };
		36464F791C29ABB900942BE3 /* Info.plist */ = {isa = PBXFileReference; lastKnownFileType = text.plist.xml; path = Info.plist; sourceTree = "<group>"; };
		36464F851C29B1E600942BE3 /* AutocompleteTextField.swift */ = {isa = PBXFileReference; fileEncoding = 4; lastKnownFileType = sourcecode.swift; path = AutocompleteTextField.swift; sourceTree = "<group>"; };
		36464F871C29ECF000942BE3 /* DataSource.swift */ = {isa = PBXFileReference; fileEncoding = 4; lastKnownFileType = sourcecode.swift; path = DataSource.swift; sourceTree = "<group>"; };
/* End PBXFileReference section */

/* Begin PBXFrameworksBuildPhase section */
		36464F511C29ABB800942BE3 /* Frameworks */ = {
			isa = PBXFrameworksBuildPhase;
			buildActionMask = 2147483647;
			files = (
			);
			runOnlyForDeploymentPostprocessing = 0;
		};
		36464F651C29ABB900942BE3 /* Frameworks */ = {
			isa = PBXFrameworksBuildPhase;
			buildActionMask = 2147483647;
			files = (
			);
			runOnlyForDeploymentPostprocessing = 0;
		};
		36464F701C29ABB900942BE3 /* Frameworks */ = {
			isa = PBXFrameworksBuildPhase;
			buildActionMask = 2147483647;
			files = (
			);
			runOnlyForDeploymentPostprocessing = 0;
		};
/* End PBXFrameworksBuildPhase section */

/* Begin PBXGroup section */
		36464F4B1C29ABB800942BE3 = {
			isa = PBXGroup;
			children = (
				36464F561C29ABB800942BE3 /* AutocompleteTextField */,
				36464F6B1C29ABB900942BE3 /* AutocompleteTextFieldTests */,
				36464F761C29ABB900942BE3 /* AutocompleteTextFieldUITests */,
				36464F551C29ABB800942BE3 /* Products */,
			);
			sourceTree = "<group>";
		};
		36464F551C29ABB800942BE3 /* Products */ = {
			isa = PBXGroup;
			children = (
				36464F541C29ABB800942BE3 /* AutocompleteTextField.app */,
				36464F681C29ABB900942BE3 /* AutocompleteTextFieldTests.xctest */,
				36464F731C29ABB900942BE3 /* AutocompleteTextFieldUITests.xctest */,
			);
			name = Products;
			sourceTree = "<group>";
		};
		36464F561C29ABB800942BE3 /* AutocompleteTextField */ = {
			isa = PBXGroup;
			children = (
				36464F571C29ABB800942BE3 /* AppDelegate.swift */,
				36464F591C29ABB800942BE3 /* TableViewController.swift */,
				36464F851C29B1E600942BE3 /* AutocompleteTextField.swift */,
				36464F871C29ECF000942BE3 /* DataSource.swift */,
				36464F5B1C29ABB800942BE3 /* Main.storyboard */,
				36464F5E1C29ABB800942BE3 /* Assets.xcassets */,
				36464F601C29ABB800942BE3 /* LaunchScreen.storyboard */,
				36464F631C29ABB800942BE3 /* Info.plist */,
			);
			path = AutocompleteTextField;
			sourceTree = "<group>";
		};
		36464F6B1C29ABB900942BE3 /* AutocompleteTextFieldTests */ = {
			isa = PBXGroup;
			children = (
				36464F6C1C29ABB900942BE3 /* AutocompleteTextFieldTests.swift */,
				36464F6E1C29ABB900942BE3 /* Info.plist */,
			);
			path = AutocompleteTextFieldTests;
			sourceTree = "<group>";
		};
		36464F761C29ABB900942BE3 /* AutocompleteTextFieldUITests */ = {
			isa = PBXGroup;
			children = (
				36464F771C29ABB900942BE3 /* AutocompleteTextFieldUITests.swift */,
				36464F791C29ABB900942BE3 /* Info.plist */,
			);
			path = AutocompleteTextFieldUITests;
			sourceTree = "<group>";
		};
/* End PBXGroup section */

/* Begin PBXNativeTarget section */
		36464F531C29ABB800942BE3 /* AutocompleteTextField */ = {
			isa = PBXNativeTarget;
			buildConfigurationList = 36464F7C1C29ABB900942BE3 /* Build configuration list for PBXNativeTarget "AutocompleteTextField" */;
			buildPhases = (
				36464F501C29ABB800942BE3 /* Sources */,
				36464F511C29ABB800942BE3 /* Frameworks */,
				36464F521C29ABB800942BE3 /* Resources */,
			);
			buildRules = (
			);
			dependencies = (
			);
			name = AutocompleteTextField;
			productName = AutocompleteTextField;
			productReference = 36464F541C29ABB800942BE3 /* AutocompleteTextField.app */;
			productType = "com.apple.product-type.application";
		};
		36464F671C29ABB900942BE3 /* AutocompleteTextFieldTests */ = {
			isa = PBXNativeTarget;
			buildConfigurationList = 36464F7F1C29ABB900942BE3 /* Build configuration list for PBXNativeTarget "AutocompleteTextFieldTests" */;
			buildPhases = (
				36464F641C29ABB900942BE3 /* Sources */,
				36464F651C29ABB900942BE3 /* Frameworks */,
				36464F661C29ABB900942BE3 /* Resources */,
			);
			buildRules = (
			);
			dependencies = (
				36464F6A1C29ABB900942BE3 /* PBXTargetDependency */,
			);
			name = AutocompleteTextFieldTests;
			productName = AutocompleteTextFieldTests;
			productReference = 36464F681C29ABB900942BE3 /* AutocompleteTextFieldTests.xctest */;
			productType = "com.apple.product-type.bundle.unit-test";
		};
		36464F721C29ABB900942BE3 /* AutocompleteTextFieldUITests */ = {
			isa = PBXNativeTarget;
			buildConfigurationList = 36464F821C29ABB900942BE3 /* Build configuration list for PBXNativeTarget "AutocompleteTextFieldUITests" */;
			buildPhases = (
				36464F6F1C29ABB900942BE3 /* Sources */,
				36464F701C29ABB900942BE3 /* Frameworks */,
				36464F711C29ABB900942BE3 /* Resources */,
			);
			buildRules = (
			);
			dependencies = (
				36464F751C29ABB900942BE3 /* PBXTargetDependency */,
			);
			name = AutocompleteTextFieldUITests;
			productName = AutocompleteTextFieldUITests;
			productReference = 36464F731C29ABB900942BE3 /* AutocompleteTextFieldUITests.xctest */;
			productType = "com.apple.product-type.bundle.ui-testing";
		};
/* End PBXNativeTarget section */

/* Begin PBXProject section */
		36464F4C1C29ABB800942BE3 /* Project object */ = {
			isa = PBXProject;
			attributes = {
				LastSwiftUpdateCheck = 0720;
				LastUpgradeCheck = 0720;
				ORGANIZATIONNAME = "Alexis Digital";
				TargetAttributes = {
					36464F531C29ABB800942BE3 = {
						CreatedOnToolsVersion = 7.2;
					};
					36464F671C29ABB900942BE3 = {
						CreatedOnToolsVersion = 7.2;
						TestTargetID = 36464F531C29ABB800942BE3;
					};
					36464F721C29ABB900942BE3 = {
						CreatedOnToolsVersion = 7.2;
						TestTargetID = 36464F531C29ABB800942BE3;
					};
				};
			};
			buildConfigurationList = 36464F4F1C29ABB800942BE3 /* Build configuration list for PBXProject "AutocompleteTextField" */;
			compatibilityVersion = "Xcode 3.2";
			developmentRegion = English;
			hasScannedForEncodings = 0;
			knownRegions = (
				en,
				Base,
			);
			mainGroup = 36464F4B1C29ABB800942BE3;
			productRefGroup = 36464F551C29ABB800942BE3 /* Products */;
			projectDirPath = "";
			projectRoot = "";
			targets = (
				36464F531C29ABB800942BE3 /* AutocompleteTextField */,
				36464F671C29ABB900942BE3 /* AutocompleteTextFieldTests */,
				36464F721C29ABB900942BE3 /* AutocompleteTextFieldUITests */,
			);
		};
/* End PBXProject section */

/* Begin PBXResourcesBuildPhase section */
		36464F521C29ABB800942BE3 /* Resources */ = {
			isa = PBXResourcesBuildPhase;
			buildActionMask = 2147483647;
			files = (
				36464F621C29ABB800942BE3 /* LaunchScreen.storyboard in Resources */,
				36464F5F1C29ABB800942BE3 /* Assets.xcassets in Resources */,
				36464F5D1C29ABB800942BE3 /* Main.storyboard in Resources */,
			);
			runOnlyForDeploymentPostprocessing = 0;
		};
		36464F661C29ABB900942BE3 /* Resources */ = {
			isa = PBXResourcesBuildPhase;
			buildActionMask = 2147483647;
			files = (
			);
			runOnlyForDeploymentPostprocessing = 0;
		};
		36464F711C29ABB900942BE3 /* Resources */ = {
			isa = PBXResourcesBuildPhase;
			buildActionMask = 2147483647;
			files = (
			);
			runOnlyForDeploymentPostprocessing = 0;
		};
/* End PBXResourcesBuildPhase section */

/* Begin PBXSourcesBuildPhase section */
		36464F501C29ABB800942BE3 /* Sources */ = {
			isa = PBXSourcesBuildPhase;
			buildActionMask = 2147483647;
			files = (
				36464F881C29ECF000942BE3 /* DataSource.swift in Sources */,
				36464F861C29B1E600942BE3 /* AutocompleteTextField.swift in Sources */,
				36464F5A1C29ABB800942BE3 /* TableViewController.swift in Sources */,
				36464F581C29ABB800942BE3 /* AppDelegate.swift in Sources */,
			);
			runOnlyForDeploymentPostprocessing = 0;
		};
		36464F641C29ABB900942BE3 /* Sources */ = {
			isa = PBXSourcesBuildPhase;
			buildActionMask = 2147483647;
			files = (
				36464F6D1C29ABB900942BE3 /* AutocompleteTextFieldTests.swift in Sources */,
			);
			runOnlyForDeploymentPostprocessing = 0;
		};
		36464F6F1C29ABB900942BE3 /* Sources */ = {
			isa = PBXSourcesBuildPhase;
			buildActionMask = 2147483647;
			files = (
				36464F781C29ABB900942BE3 /* AutocompleteTextFieldUITests.swift in Sources */,
			);
			runOnlyForDeploymentPostprocessing = 0;
		};
/* End PBXSourcesBuildPhase section */

/* Begin PBXTargetDependency section */
		36464F6A1C29ABB900942BE3 /* PBXTargetDependency */ = {
			isa = PBXTargetDependency;
			target = 36464F531C29ABB800942BE3 /* AutocompleteTextField */;
			targetProxy = 36464F691C29ABB900942BE3 /* PBXContainerItemProxy */;
		};
		36464F751C29ABB900942BE3 /* PBXTargetDependency */ = {
			isa = PBXTargetDependency;
			target = 36464F531C29ABB800942BE3 /* AutocompleteTextField */;
			targetProxy = 36464F741C29ABB900942BE3 /* PBXContainerItemProxy */;
		};
/* End PBXTargetDependency section */

/* Begin PBXVariantGroup section */
		36464F5B1C29ABB800942BE3 /* Main.storyboard */ = {
			isa = PBXVariantGroup;
			children = (
				36464F5C1C29ABB800942BE3 /* Base */,
			);
			name = Main.storyboard;
			sourceTree = "<group>";
		};
		36464F601C29ABB800942BE3 /* LaunchScreen.storyboard */ = {
			isa = PBXVariantGroup;
			children = (
				36464F611C29ABB800942BE3 /* Base */,
			);
			name = LaunchScreen.storyboard;
			sourceTree = "<group>";
		};
/* End PBXVariantGroup section */

/* Begin XCBuildConfiguration section */
		36464F7A1C29ABB900942BE3 /* Debug */ = {
			isa = XCBuildConfiguration;
			buildSettings = {
				ALWAYS_SEARCH_USER_PATHS = NO;
				CLANG_CXX_LANGUAGE_STANDARD = "gnu++0x";
				CLANG_CXX_LIBRARY = "libc++";
				CLANG_ENABLE_MODULES = YES;
				CLANG_ENABLE_OBJC_ARC = YES;
				CLANG_WARN_BOOL_CONVERSION = YES;
				CLANG_WARN_CONSTANT_CONVERSION = YES;
				CLANG_WARN_DIRECT_OBJC_ISA_USAGE = YES_ERROR;
				CLANG_WARN_EMPTY_BODY = YES;
				CLANG_WARN_ENUM_CONVERSION = YES;
				CLANG_WARN_INT_CONVERSION = YES;
				CLANG_WARN_OBJC_ROOT_CLASS = YES_ERROR;
				CLANG_WARN_UNREACHABLE_CODE = YES;
				CLANG_WARN__DUPLICATE_METHOD_MATCH = YES;
				"CODE_SIGN_IDENTITY[sdk=iphoneos*]" = "iPhone Developer";
				COPY_PHASE_STRIP = NO;
				DEBUG_INFORMATION_FORMAT = dwarf;
				ENABLE_STRICT_OBJC_MSGSEND = YES;
				ENABLE_TESTABILITY = YES;
				GCC_C_LANGUAGE_STANDARD = gnu99;
				GCC_DYNAMIC_NO_PIC = NO;
				GCC_NO_COMMON_BLOCKS = YES;
				GCC_OPTIMIZATION_LEVEL = 0;
				GCC_PREPROCESSOR_DEFINITIONS = (
					"DEBUG=1",
					"$(inherited)",
				);
				GCC_WARN_64_TO_32_BIT_CONVERSION = YES;
				GCC_WARN_ABOUT_RETURN_TYPE = YES_ERROR;
				GCC_WARN_UNDECLARED_SELECTOR = YES;
				GCC_WARN_UNINITIALIZED_AUTOS = YES_AGGRESSIVE;
				GCC_WARN_UNUSED_FUNCTION = YES;
				GCC_WARN_UNUSED_VARIABLE = YES;
				IPHONEOS_DEPLOYMENT_TARGET = 9.2;
				MTL_ENABLE_DEBUG_INFO = YES;
				ONLY_ACTIVE_ARCH = YES;
				SDKROOT = iphoneos;
				SWIFT_OPTIMIZATION_LEVEL = "-Onone";
				TARGETED_DEVICE_FAMILY = "1,2";
			};
			name = Debug;
		};
		36464F7B1C29ABB900942BE3 /* Release */ = {
			isa = XCBuildConfiguration;
			buildSettings = {
				ALWAYS_SEARCH_USER_PATHS = NO;
				CLANG_CXX_LANGUAGE_STANDARD = "gnu++0x";
				CLANG_CXX_LIBRARY = "libc++";
				CLANG_ENABLE_MODULES = YES;
				CLANG_ENABLE_OBJC_ARC = YES;
				CLANG_WARN_BOOL_CONVERSION = YES;
				CLANG_WARN_CONSTANT_CONVERSION = YES;
				CLANG_WARN_DIRECT_OBJC_ISA_USAGE = YES_ERROR;
				CLANG_WARN_EMPTY_BODY = YES;
				CLANG_WARN_ENUM_CONVERSION = YES;
				CLANG_WARN_INT_CONVERSION = YES;
				CLANG_WARN_OBJC_ROOT_CLASS = YES_ERROR;
				CLANG_WARN_UNREACHABLE_CODE = YES;
				CLANG_WARN__DUPLICATE_METHOD_MATCH = YES;
				"CODE_SIGN_IDENTITY[sdk=iphoneos*]" = "iPhone Developer";
				COPY_PHASE_STRIP = NO;
				DEBUG_INFORMATION_FORMAT = "dwarf-with-dsym";
				ENABLE_NS_ASSERTIONS = NO;
				ENABLE_STRICT_OBJC_MSGSEND = YES;
				GCC_C_LANGUAGE_STANDARD = gnu99;
				GCC_NO_COMMON_BLOCKS = YES;
				GCC_WARN_64_TO_32_BIT_CONVERSION = YES;
				GCC_WARN_ABOUT_RETURN_TYPE = YES_ERROR;
				GCC_WARN_UNDECLARED_SELECTOR = YES;
				GCC_WARN_UNINITIALIZED_AUTOS = YES_AGGRESSIVE;
				GCC_WARN_UNUSED_FUNCTION = YES;
				GCC_WARN_UNUSED_VARIABLE = YES;
				IPHONEOS_DEPLOYMENT_TARGET = 9.2;
				MTL_ENABLE_DEBUG_INFO = NO;
				SDKROOT = iphoneos;
				TARGETED_DEVICE_FAMILY = "1,2";
				VALIDATE_PRODUCT = YES;
			};
			name = Release;
		};
		36464F7D1C29ABB900942BE3 /* Debug */ = {
			isa = XCBuildConfiguration;
			buildSettings = {
				ASSETCATALOG_COMPILER_APPICON_NAME = AppIcon;
				INFOPLIST_FILE = AutocompleteTextField/Info.plist;
				LD_RUNPATH_SEARCH_PATHS = "$(inherited) @executable_path/Frameworks";
				PRODUCT_BUNDLE_IDENTIFIER = com.alexisdigital.AutocompleteTextField;
				PRODUCT_NAME = "$(TARGET_NAME)";
			};
			name = Debug;
		};
		36464F7E1C29ABB900942BE3 /* Release */ = {
			isa = XCBuildConfiguration;
			buildSettings = {
				ASSETCATALOG_COMPILER_APPICON_NAME = AppIcon;
				INFOPLIST_FILE = AutocompleteTextField/Info.plist;
				LD_RUNPATH_SEARCH_PATHS = "$(inherited) @executable_path/Frameworks";
				PRODUCT_BUNDLE_IDENTIFIER = com.alexisdigital.AutocompleteTextField;
				PRODUCT_NAME = "$(TARGET_NAME)";
			};
			name = Release;
		};
		36464F801C29ABB900942BE3 /* Debug */ = {
			isa = XCBuildConfiguration;
			buildSettings = {
				BUNDLE_LOADER = "$(TEST_HOST)";
				INFOPLIST_FILE = AutocompleteTextFieldTests/Info.plist;
				LD_RUNPATH_SEARCH_PATHS = "$(inherited) @executable_path/Frameworks @loader_path/Frameworks";
				PRODUCT_BUNDLE_IDENTIFIER = com.alexisdigital.AutocompleteTextFieldTests;
				PRODUCT_NAME = "$(TARGET_NAME)";
				TEST_HOST = "$(BUILT_PRODUCTS_DIR)/AutocompleteTextField.app/AutocompleteTextField";
			};
			name = Debug;
		};
		36464F811C29ABB900942BE3 /* Release */ = {
			isa = XCBuildConfiguration;
			buildSettings = {
				BUNDLE_LOADER = "$(TEST_HOST)";
				INFOPLIST_FILE = AutocompleteTextFieldTests/Info.plist;
				LD_RUNPATH_SEARCH_PATHS = "$(inherited) @executable_path/Frameworks @loader_path/Frameworks";
				PRODUCT_BUNDLE_IDENTIFIER = com.alexisdigital.AutocompleteTextFieldTests;
				PRODUCT_NAME = "$(TARGET_NAME)";
				TEST_HOST = "$(BUILT_PRODUCTS_DIR)/AutocompleteTextField.app/AutocompleteTextField";
			};
			name = Release;
		};
		36464F831C29ABB900942BE3 /* Debug */ = {
			isa = XCBuildConfiguration;
			buildSettings = {
				INFOPLIST_FILE = AutocompleteTextFieldUITests/Info.plist;
				LD_RUNPATH_SEARCH_PATHS = "$(inherited) @executable_path/Frameworks @loader_path/Frameworks";
				PRODUCT_BUNDLE_IDENTIFIER = com.alexisdigital.AutocompleteTextFieldUITests;
				PRODUCT_NAME = "$(TARGET_NAME)";
				TEST_TARGET_NAME = AutocompleteTextField;
				USES_XCTRUNNER = YES;
			};
			name = Debug;
		};
		36464F841C29ABB900942BE3 /* Release */ = {
			isa = XCBuildConfiguration;
			buildSettings = {
				INFOPLIST_FILE = AutocompleteTextFieldUITests/Info.plist;
				LD_RUNPATH_SEARCH_PATHS = "$(inherited) @executable_path/Frameworks @loader_path/Frameworks";
				PRODUCT_BUNDLE_IDENTIFIER = com.alexisdigital.AutocompleteTextFieldUITests;
				PRODUCT_NAME = "$(TARGET_NAME)";
				TEST_TARGET_NAME = AutocompleteTextField;
				USES_XCTRUNNER = YES;
			};
			name = Release;
		};
/* End XCBuildConfiguration section */

/* Begin XCConfigurationList section */
		36464F4F1C29ABB800942BE3 /* Build configuration list for PBXProject "AutocompleteTextField" */ = {
			isa = XCConfigurationList;
			buildConfigurations = (
				36464F7A1C29ABB900942BE3 /* Debug */,
				36464F7B1C29ABB900942BE3 /* Release */,
			);
			defaultConfigurationIsVisible = 0;
			defaultConfigurationName = Release;
		};
		36464F7C1C29ABB900942BE3 /* Build configuration list for PBXNativeTarget "AutocompleteTextField" */ = {
			isa = XCConfigurationList;
			buildConfigurations = (
				36464F7D1C29ABB900942BE3 /* Debug */,
				36464F7E1C29ABB900942BE3 /* Release */,
			);
			defaultConfigurationIsVisible = 0;
			defaultConfigurationName = Release;
		};
		36464F7F1C29ABB900942BE3 /* Build configuration list for PBXNativeTarget "AutocompleteTextFieldTests" */ = {
			isa = XCConfigurationList;
			buildConfigurations = (
				36464F801C29ABB900942BE3 /* Debug */,
				36464F811C29ABB900942BE3 /* Release */,
			);
			defaultConfigurationIsVisible = 0;
			defaultConfigurationName = Release;
		};
		36464F821C29ABB900942BE3 /* Build configuration list for PBXNativeTarget "AutocompleteTextFieldUITests" */ = {
			isa = XCConfigurationList;
			buildConfigurations = (
				36464F831C29ABB900942BE3 /* Debug */,
				36464F841C29ABB900942BE3 /* Release */,
			);
			defaultConfigurationIsVisible = 0;
			defaultConfigurationName = Release;
		};
/* End XCConfigurationList section */
	};
	rootObject = 36464F4C1C29ABB800942BE3 /* Project object */;
}
